{
  "name": "aritech-client",
  "version": "2.0.1",
  "lockfileVersion": 3,
  "requires": true,
  "packages": {
    "": {
      "name": "aritech-client",
      "version": "2.0.1",
      "license": "ISC",
      "bin": {
        "aritech": "aritech-cli.js"
      },
      "engines": {
        "node": ">=18.0.0"
      }
    }
  }
}
